{
    "name": "safarizone",
    "version": "2.0.0",
    "lockfileVersion": 1,
    "requires": true,
    "dependencies": {
        "@types/cheerio": {
            "version": "0.22.10",
            "resolved": "https://registry.npmjs.org/@types/cheerio/-/cheerio-0.22.10.tgz",
            "integrity": "sha512-fOM/Jhv51iyugY7KOBZz2ThfT1gwvsGCfWxpLpZDgkGjpEO4Le9cld07OdskikLjDUQJ43dzDaVRSFwQlpdqVg==",
            "dev": true
        },
        "@types/node": {
            "version": "8.10.40",
            "resolved": "https://registry.npmjs.org/@types/node/-/node-8.10.40.tgz",
            "integrity": "sha512-RRSjdwz63kS4u7edIwJUn8NqKLLQ6LyqF/X4+4jp38MBT3Vwetewi2N4dgJEshLbDwNgOJXNYoOwzVZUSSLhkQ==",
            "dev": true
        },
        "@types/node-fetch": {
            "version": "1.6.9",
            "resolved": "https://registry.npmjs.org/@types/node-fetch/-/node-fetch-1.6.9.tgz",
            "integrity": "sha512-n2r6WLoY7+uuPT7pnEtKJCmPUGyJ+cbyBR8Avnu4+m1nzz7DwBVuyIvvlBzCZ/nrpC7rIgb3D6pNavL7rFEa9g==",
            "dev": true,
            "requires": {
                "@types/node": "*"
            }
        },
        "@types/q": {
            "version": "1.5.1",
            "resolved": "https://registry.npmjs.org/@types/q/-/q-1.5.1.tgz",
            "integrity": "sha512-eqz8c/0kwNi/OEHQfvIuJVLTst3in0e7uTKeuY+WL/zfKn0xVujOTp42bS/vUUokhK5P2BppLd9JXMOMHcgbjA=="
        },
        "async-limiter": {
            "version": "1.0.0",
            "resolved": "https://registry.npmjs.org/async-limiter/-/async-limiter-1.0.0.tgz",
            "integrity": "sha512-jp/uFnooOiO+L211eZOoSyzpOITMXx1rBITauYykG3BRYPu8h0UcxsPNB04RR5vo4Tyz3+ay17tR6JVf9qzYWg=="
        },
        "colors": {
            "version": "1.3.3",
            "resolved": "https://registry.npmjs.org/colors/-/colors-1.3.3.tgz",
            "integrity": "sha512-mmGt/1pZqYRjMxB1axhTo16/snVZ5krrKkcmMeVKxzECMMXoCgnvTPp10QgHfcbQZw8Dq2jMNG6je4JlWU0gWg=="
        },
        "discord.js": {
            "version": "11.4.2",
            "resolved": "https://registry.npmjs.org/discord.js/-/discord.js-11.4.2.tgz",
            "integrity": "sha512-MDwpu0lMFTjqomijDl1Ed9miMQe6kB4ifKdP28QZllmLv/HVOJXhatRgjS8urp/wBlOfx+qAYSXcdI5cKGYsfg==",
            "requires": {
                "long": "^4.0.0",
                "prism-media": "^0.0.3",
                "snekfetch": "^3.6.4",
                "tweetnacl": "^1.0.0",
                "ws": "^4.0.0"
            }
        },
        "inherits": {
            "version": "2.0.3",
            "resolved": "https://registry.npmjs.org/inherits/-/inherits-2.0.3.tgz",
            "integrity": "sha1-Yzwsg+PaQqUC9SRmAiSA9CCCYd4="
        },
        "long": {
            "version": "4.0.0",
            "resolved": "https://registry.npmjs.org/long/-/long-4.0.0.tgz",
            "integrity": "sha512-XsP+KhQif4bjX1kbuSiySJFNAehNxgLb6hPRGJ9QsUr8ajHkuXGdrHmFUTUUXhDwVX2R5bY4JNZEwbUiMhV+MA=="
        },
        "path": {
            "version": "0.12.7",
            "resolved": "https://registry.npmjs.org/path/-/path-0.12.7.tgz",
            "integrity": "sha1-1NwqUGxM4hl+tIHr/NWzbAFAsQ8=",
            "requires": {
                "process": "^0.11.1",
                "util": "^0.10.3"
            }
        },
        "prism-media": {
            "version": "0.0.3",
            "resolved": "https://registry.npmjs.org/prism-media/-/prism-media-0.0.3.tgz",
            "integrity": "sha512-c9KkNifSMU/iXT8FFTaBwBMr+rdVcN+H/uNv1o+CuFeTThNZNTOrQ+RgXA1yL/DeLk098duAeRPP3QNPNbhxYQ=="
        },
        "process": {
            "version": "0.11.10",
            "resolved": "https://registry.npmjs.org/process/-/process-0.11.10.tgz",
            "integrity": "sha1-czIwDoQBYb2j5podHZGn1LwW8YI="
        },
        "q": {
            "version": "1.5.1",
            "resolved": "https://registry.npmjs.org/q/-/q-1.5.1.tgz",
            "integrity": "sha1-fjL3W0E4EpHQRhHxvxQQmsAGUdc="
        },
        "safe-buffer": {
            "version": "5.1.2",
            "resolved": "https://registry.npmjs.org/safe-buffer/-/safe-buffer-5.1.2.tgz",
            "integrity": "sha512-Gd2UZBJDkXlY7GbJxfsE8/nvKkUEU1G38c1siN6QP6a9PT9MmHB8GnpscSmMJSoF8LOIrt8ud/wPtojys4G6+g=="
        },
        "snekfetch": {
            "version": "3.6.4",
            "resolved": "https://registry.npmjs.org/snekfetch/-/snekfetch-3.6.4.tgz",
            "integrity": "sha512-NjxjITIj04Ffqid5lqr7XdgwM7X61c/Dns073Ly170bPQHLm6jkmelye/eglS++1nfTWktpP6Y2bFXjdPlQqdw=="
        },
        "tweetnacl": {
            "version": "1.0.1",
            "resolved": "https://registry.npmjs.org/tweetnacl/-/tweetnacl-1.0.1.tgz",
            "integrity": "sha512-kcoMoKTPYnoeS50tzoqjPY3Uv9axeuuFAZY9M/9zFnhoVvRfxz9K29IMPD7jGmt2c8SW7i3gT9WqDl2+nV7p4A=="
        },
        "typescript": {
            "version": "2.9.2",
            "resolved": "https://registry.npmjs.org/typescript/-/typescript-2.9.2.tgz",
            "integrity": "sha512-Gr4p6nFNaoufRIY4NMdpQRNmgxVIGMs4Fcu/ujdYk3nAZqk7supzBE9idmvfZIlH/Cuj//dvi+019qEue9lV0w==",
            "dev": true
        },
        "util": {
            "version": "0.10.4",
            "resolved": "https://registry.npmjs.org/util/-/util-0.10.4.tgz",
            "integrity": "sha512-0Pm9hTQ3se5ll1XihRic3FDIku70C+iHUdT/W926rSgHV5QgXsYbKZN8MSC3tJtSkhuROzvsQjAaFENRXr+19A==",
            "requires": {
                "inherits": "2.0.3"
            }
        },
        "ws": {
            "version": "4.1.0",
            "resolved": "https://registry.npmjs.org/ws/-/ws-4.1.0.tgz",
            "integrity": "sha512-ZGh/8kF9rrRNffkLFV4AzhvooEclrOH0xaugmqGsIfFgOE/pIz4fMc4Ef+5HSQqTEug2S9JZIWDR47duDSLfaA==",
            "requires": {
                "async-limiter": "~1.0.0",
                "safe-buffer": "~5.1.0"
            }
        }
    }
}
